
Microsoft Visual Studio Solution File, Format Version 12.00
# Visual Studio Version 17
VisualStudioVersion = 17.11.35327.3
MinimumVisualStudioVersion = 10.0.40219.1
Project("{FAE04EC0-301F-11D3-BF4B-00C04F79EFBC}") = "LostPet", "LostPet.csproj", "{8DC790DD-3919-40CA-BB75-56563DE75C41}"
EndProject
Global
	GlobalSection(SolutionConfigurationPlatforms) = preSolution
		Debug|Any CPU = Debug|Any CPU
		Release|Any CPU = Release|Any CPU
	EndGlobalSection
	GlobalSection(ProjectConfigurationPlatforms) = postSolution
		{8DC790DD-3919-40CA-BB75-56563DE75C41}.Debug|Any CPU.ActiveCfg = Debug|Any CPU
		{8DC790DD-3919-40CA-BB75-56563DE75C41}.Debug|Any CPU.Build.0 = Debug|Any CPU
		{8DC790DD-3919-40CA-BB75-56563DE75C41}.Release|Any CPU.ActiveCfg = Release|Any CPU
		{8DC790DD-3919-40CA-BB75-56563DE75C41}.Release|Any CPU.Build.0 = Release|Any CPU
	EndGlobalSection
	GlobalSection(SolutionProperties) = preSolution
		HideSolutionNode = FALSE
	EndGlobalSection
	GlobalSection(ExtensibilityGlobals) = postSolution
		SolutionGuid = {D8FB8DC6-16A2-4C25-8AF8-3CC5A87B5EF1}
	EndGlobalSection
EndGlobal
